PODS:
  - Capacitor (5.6.0):
    - CapacitorCordova
  - CapacitorApp (5.0.6):
    - Capacitor
  - CapacitorCordova (5.6.0)
  - CapacitorHaptics (5.0.6):
    - Capacitor
  - CapacitorKeyboard (5.0.6):
    - Capacitor
  - CapacitorStatusBar (5.0.6):
    - Capacitor
  - mapsted-sdk-alerts (5.3.7):
    - mapsted-sdk-triggers-core (= 5.3.7)
  - mapsted-sdk-core (5.3.7):
    - SSZipArchive
  - mapsted-sdk-core-map (4.4.6.2)
  - mapsted-sdk-loc-marketing (5.3.7):
    - mapsted-sdk-core (= 5.3.7)
  - mapsted-sdk-map (5.3.7):
    - mapsted-sdk-core (= 5.3.7)
    - mapsted-sdk-core-map (= 4.4.6.2)
  - mapsted-sdk-map-ui (5.3.7):
    - mapsted-sdk-alerts (= 5.3.7)
    - mapsted-sdk-loc-marketing (= 5.3.7)
    - mapsted-sdk-map (= 5.3.7)
  - mapsted-sdk-triggers-core (5.3.7):
    - mapsted-sdk-core (= 5.3.7)
  - SSZipArchive (2.4.3)

DEPENDENCIES:
  - "Capacitor (from `../../node_modules/@capacitor/ios`)"
  - "CapacitorApp (from `../../node_modules/@capacitor/app`)"
  - "CapacitorCordova (from `../../node_modules/@capacitor/ios`)"
  - "CapacitorHaptics (from `../../node_modules/@capacitor/haptics`)"
  - "CapacitorKeyboard (from `../../node_modules/@capacitor/keyboard`)"
  - "CapacitorStatusBar (from `../../node_modules/@capacitor/status-bar`)"
  - mapsted-sdk-map-ui (~> 5.0)

SPEC REPOS:
  https://github.com/Mapsted/podspec-simulator.git:
    - mapsted-sdk-alerts
    - mapsted-sdk-core
    - mapsted-sdk-core-map
    - mapsted-sdk-loc-marketing
    - mapsted-sdk-map
    - mapsted-sdk-map-ui
    - mapsted-sdk-triggers-core
  trunk:
    - SSZipArchive

EXTERNAL SOURCES:
  Capacitor:
    :path: "../../node_modules/@capacitor/ios"
  CapacitorApp:
    :path: "../../node_modules/@capacitor/app"
  CapacitorCordova:
    :path: "../../node_modules/@capacitor/ios"
  CapacitorHaptics:
    :path: "../../node_modules/@capacitor/haptics"
  CapacitorKeyboard:
    :path: "../../node_modules/@capacitor/keyboard"
  CapacitorStatusBar:
    :path: "../../node_modules/@capacitor/status-bar"

SPEC CHECKSUMS:
  Capacitor: ebfc16cdb8116d04c101686b080342872da42d43
  CapacitorApp: 024e1b1bea5f883d79f6330d309bc441c88ad04a
  CapacitorCordova: 931b48fcdbc9bc985fc2f16cec9f77c794a27729
  CapacitorHaptics: 1fffc1217c7e64a472d7845be50fb0c2f7d4204c
  CapacitorKeyboard: b978154b024a5f65e044908e37d15b7de58b9d12
  CapacitorStatusBar: 565c0a1ebd79bb40d797606a8992b4a105885309
  mapsted-sdk-alerts: e2f9e695c08f8823911fb6a16379894af55850d6
  mapsted-sdk-core: 07f92bd8a138589d55b3faf40252561d8b18850f
  mapsted-sdk-core-map: 3b1a6cc029381236023ed8e35268206ee9559b1f
  mapsted-sdk-loc-marketing: 9847401cc648914c5f988442b3b3830407856767
  mapsted-sdk-map: e0408c5548b27848205b34ac2b376fe934665867
  mapsted-sdk-map-ui: feba8559f8ca6c6fa614565853194b0a0c33fe5d
  mapsted-sdk-triggers-core: 7ea703dc04788368cf2172d891c30f37e1e886a0
  SSZipArchive: fe6a26b2a54d5a0890f2567b5cc6de5caa600aef

PODFILE CHECKSUM: a2fd59d983e58b2a4a81135b78a2bb696f45cfcb

COCOAPODS: 1.11.3
